
Microsoft Visual Studio Solution File, Format Version 12.00
# Visual Studio Version 17
VisualStudioVersion = 17.14.36414.22
MinimumVisualStudioVersion = 10.0.40219.1
Project("{2150E333-8FDC-42A3-9474-1A3956D46DE8}") = "Task0", "Task0", "{02EA681E-C7D8-13C7-8484-4AC65E1B71E8}"
EndProject
Project("{FAE04EC0-301F-11D3-BF4B-00C04F79EFBC}") = "Tyuiu.IvanovIA.Sprint3.Task0.V11", "Tyuiu.IvanovIA.Sprint3.Task0.V11\Tyuiu.IvanovIA.Sprint3.Task0.V11.csproj", "{A1AE2E58-9C94-40C2-B02D-DA4318833995}"
EndProject
Project("{FAE04EC0-301F-11D3-BF4B-00C04F79EFBC}") = "Tyuiu.IvanovIA.Sprint3.Task0.V11.Test", "Tyuiu.IvanovIA.Sprint3.Task0.V11.Test\Tyuiu.IvanovIA.Sprint3.Task0.V11.Test.csproj", "{1982405C-B655-4C60-B87B-061919E909BE}"
EndProject
Project("{FAE04EC0-301F-11D3-BF4B-00C04F79EFBC}") = "Tyuiu.IvanovIA.Sprint3.Task0.V11.Lib", "Tyuiu.IvanovIA.Sprint3.Task0.V11.Lib\Tyuiu.IvanovIA.Sprint3.Task0.V11.Lib.csproj", "{EDCF3E0A-C17F-4F4B-9B17-812B636D5902}"
EndProject
Project("{2150E333-8FDC-42A3-9474-1A3956D46DE8}") = "Task1", "Task1", "{9964330F-8E44-48F3-BF14-3BF720E50315}"
EndProject
Project("{FAE04EC0-301F-11D3-BF4B-00C04F79EFBC}") = "Tyuiu.IvanovIA.Sprint3.Task1.V7", "Tyuiu.IvanovIA.Sprint3.Task1.V7\Tyuiu.IvanovIA.Sprint3.Task1.V7.csproj", "{DC418272-3FD3-425A-B7D2-449A4D3C10E5}"
EndProject
Project("{FAE04EC0-301F-11D3-BF4B-00C04F79EFBC}") = "Tyuiu.IvanovIA.Sprint3.Task1.V7.Lib", "Tyuiu.IvanovIA.Sprint3.Task1.V7.Lib\Tyuiu.IvanovIA.Sprint3.Task1.V7.Lib.csproj", "{F6FD2532-4914-4EDC-AB61-8DE8AAD18223}"
EndProject
Project("{FAE04EC0-301F-11D3-BF4B-00C04F79EFBC}") = "Tyuiu.IvanovIA.Sprint3.Task1.V7.Test", "Tyuiu.IvanovIA.Sprint3.Task1.V7.Test\Tyuiu.IvanovIA.Sprint3.Task1.V7.Test.csproj", "{959DB23E-B741-45BE-A621-E18526C05E49}"
EndProject
Project("{2150E333-8FDC-42A3-9474-1A3956D46DE8}") = "Task2", "Task2", "{716892D2-98FE-457B-99BA-A7570DE2446B}"
EndProject
Project("{FAE04EC0-301F-11D3-BF4B-00C04F79EFBC}") = "Tyuiu.IvanovIA.Sprint3.Task2.V10", "Tyuiu.IvanovIA.Sprint3.Task2.V10\Tyuiu.IvanovIA.Sprint3.Task2.V10.csproj", "{8EFF7035-0B0B-424E-A44C-416671ED1646}"
EndProject
Project("{FAE04EC0-301F-11D3-BF4B-00C04F79EFBC}") = "Tyuiu.IvanovIA.Sprint3.Task2.V10.Lib", "Tyuiu.IvanovIA.Sprint3.Task2.V10.Lib\Tyuiu.IvanovIA.Sprint3.Task2.V10.Lib.csproj", "{754211AB-A218-42EB-A6F7-8CDE9DFCA184}"
EndProject
Project("{FAE04EC0-301F-11D3-BF4B-00C04F79EFBC}") = "Tyuiu.IvanovIA.Sprint3.Task2.V10.Test", "Tyuiu.IvanovIA.Sprint3.Task2.V10.Test\Tyuiu.IvanovIA.Sprint3.Task2.V10.Test.csproj", "{EBA79604-86AA-4F10-ADBF-AE02380687EB}"
EndProject
Project("{2150E333-8FDC-42A3-9474-1A3956D46DE8}") = "Task3", "Task3", "{A0DBE331-1DD2-48F7-8961-6833E54A41E4}"
EndProject
Project("{FAE04EC0-301F-11D3-BF4B-00C04F79EFBC}") = "Tyuiu.IvanovIA.Sprint3.Task3.V8", "Tyuiu.IvanovIA.Sprint3.Task3.V8\Tyuiu.IvanovIA.Sprint3.Task3.V8.csproj", "{0C112209-B199-4610-84AD-41AB5333550A}"
EndProject
Project("{FAE04EC0-301F-11D3-BF4B-00C04F79EFBC}") = "Tyuiu.IvanovIA.Sprint3.Task3.V8.Test", "Tyuiu.IvanovIA.Sprint3.Task3.V8.Test\Tyuiu.IvanovIA.Sprint3.Task3.V8.Test.csproj", "{13A4D884-9E4F-47AE-8D17-D6F887559C98}"
EndProject
Project("{FAE04EC0-301F-11D3-BF4B-00C04F79EFBC}") = "Tyuiu.IvanovIA.Sprint3.Task3.V8.Lib", "Tyuiu.IvanovIA.Sprint3.Task3.V8.Lib\Tyuiu.IvanovIA.Sprint3.Task3.V8.Lib.csproj", "{CFD1E66B-D9AC-4763-9F21-2942FB95515C}"
EndProject
Project("{2150E333-8FDC-42A3-9474-1A3956D46DE8}") = "Task4", "Task4", "{7EE101EB-3ED2-4416-8C60-0DD96E48CA81}"
EndProject
Project("{FAE04EC0-301F-11D3-BF4B-00C04F79EFBC}") = "Tyuiu.IvanovIA.Sprint3.Task4.V16", "Tyuiu.IvanovIA.Sprint3.Task4.V16\Tyuiu.IvanovIA.Sprint3.Task4.V16.csproj", "{93D7B48F-7292-4F72-87B3-3AAC0A007233}"
EndProject
Project("{FAE04EC0-301F-11D3-BF4B-00C04F79EFBC}") = "Tyuiu.IvanovIA.Sprint3.Task4.V16.Lib", "Tyuiu.IvanovIA.Sprint3.Task4.V16.Lib\Tyuiu.IvanovIA.Sprint3.Task4.V16.Lib.csproj", "{7EA1A678-F73B-4811-B9E1-F91C80D2CAD3}"
EndProject
Project("{FAE04EC0-301F-11D3-BF4B-00C04F79EFBC}") = "Tyuiu.IvanovIA.Sprint3.Task4.V16.Test", "Tyuiu.IvanovIA.Sprint3.Task4.V16.Test\Tyuiu.IvanovIA.Sprint3.Task4.V16.Test.csproj", "{FE6FF124-9EEA-44F6-9E77-D4106E8008E9}"
EndProject
Global
	GlobalSection(SolutionConfigurationPlatforms) = preSolution
		Debug|Any CPU = Debug|Any CPU
		Release|Any CPU = Release|Any CPU
	EndGlobalSection
	GlobalSection(ProjectConfigurationPlatforms) = postSolution
		{A1AE2E58-9C94-40C2-B02D-DA4318833995}.Debug|Any CPU.ActiveCfg = Debug|Any CPU
		{A1AE2E58-9C94-40C2-B02D-DA4318833995}.Debug|Any CPU.Build.0 = Debug|Any CPU
		{A1AE2E58-9C94-40C2-B02D-DA4318833995}.Release|Any CPU.ActiveCfg = Release|Any CPU
		{A1AE2E58-9C94-40C2-B02D-DA4318833995}.Release|Any CPU.Build.0 = Release|Any CPU
		{1982405C-B655-4C60-B87B-061919E909BE}.Debug|Any CPU.ActiveCfg = Debug|Any CPU
		{1982405C-B655-4C60-B87B-061919E909BE}.Debug|Any CPU.Build.0 = Debug|Any CPU
		{1982405C-B655-4C60-B87B-061919E909BE}.Release|Any CPU.ActiveCfg = Release|Any CPU
		{1982405C-B655-4C60-B87B-061919E909BE}.Release|Any CPU.Build.0 = Release|Any CPU
		{EDCF3E0A-C17F-4F4B-9B17-812B636D5902}.Debug|Any CPU.ActiveCfg = Debug|Any CPU
		{EDCF3E0A-C17F-4F4B-9B17-812B636D5902}.Debug|Any CPU.Build.0 = Debug|Any CPU
		{EDCF3E0A-C17F-4F4B-9B17-812B636D5902}.Release|Any CPU.ActiveCfg = Release|Any CPU
		{EDCF3E0A-C17F-4F4B-9B17-812B636D5902}.Release|Any CPU.Build.0 = Release|Any CPU
		{DC418272-3FD3-425A-B7D2-449A4D3C10E5}.Debug|Any CPU.ActiveCfg = Debug|Any CPU
		{DC418272-3FD3-425A-B7D2-449A4D3C10E5}.Debug|Any CPU.Build.0 = Debug|Any CPU
		{DC418272-3FD3-425A-B7D2-449A4D3C10E5}.Release|Any CPU.ActiveCfg = Release|Any CPU
		{DC418272-3FD3-425A-B7D2-449A4D3C10E5}.Release|Any CPU.Build.0 = Release|Any CPU
		{F6FD2532-4914-4EDC-AB61-8DE8AAD18223}.Debug|Any CPU.ActiveCfg = Debug|Any CPU
		{F6FD2532-4914-4EDC-AB61-8DE8AAD18223}.Debug|Any CPU.Build.0 = Debug|Any CPU
		{F6FD2532-4914-4EDC-AB61-8DE8AAD18223}.Release|Any CPU.ActiveCfg = Release|Any CPU
		{F6FD2532-4914-4EDC-AB61-8DE8AAD18223}.Release|Any CPU.Build.0 = Release|Any CPU
		{959DB23E-B741-45BE-A621-E18526C05E49}.Debug|Any CPU.ActiveCfg = Debug|Any CPU
		{959DB23E-B741-45BE-A621-E18526C05E49}.Debug|Any CPU.Build.0 = Debug|Any CPU
		{959DB23E-B741-45BE-A621-E18526C05E49}.Release|Any CPU.ActiveCfg = Release|Any CPU
		{959DB23E-B741-45BE-A621-E18526C05E49}.Release|Any CPU.Build.0 = Release|Any CPU
		{8EFF7035-0B0B-424E-A44C-416671ED1646}.Debug|Any CPU.ActiveCfg = Debug|Any CPU
		{8EFF7035-0B0B-424E-A44C-416671ED1646}.Debug|Any CPU.Build.0 = Debug|Any CPU
		{8EFF7035-0B0B-424E-A44C-416671ED1646}.Release|Any CPU.ActiveCfg = Release|Any CPU
		{8EFF7035-0B0B-424E-A44C-416671ED1646}.Release|Any CPU.Build.0 = Release|Any CPU
		{754211AB-A218-42EB-A6F7-8CDE9DFCA184}.Debug|Any CPU.ActiveCfg = Debug|Any CPU
		{754211AB-A218-42EB-A6F7-8CDE9DFCA184}.Debug|Any CPU.Build.0 = Debug|Any CPU
		{754211AB-A218-42EB-A6F7-8CDE9DFCA184}.Release|Any CPU.ActiveCfg = Release|Any CPU
		{754211AB-A218-42EB-A6F7-8CDE9DFCA184}.Release|Any CPU.Build.0 = Release|Any CPU
		{EBA79604-86AA-4F10-ADBF-AE02380687EB}.Debug|Any CPU.ActiveCfg = Debug|Any CPU
		{EBA79604-86AA-4F10-ADBF-AE02380687EB}.Debug|Any CPU.Build.0 = Debug|Any CPU
		{EBA79604-86AA-4F10-ADBF-AE02380687EB}.Release|Any CPU.ActiveCfg = Release|Any CPU
		{EBA79604-86AA-4F10-ADBF-AE02380687EB}.Release|Any CPU.Build.0 = Release|Any CPU
		{0C112209-B199-4610-84AD-41AB5333550A}.Debug|Any CPU.ActiveCfg = Debug|Any CPU
		{0C112209-B199-4610-84AD-41AB5333550A}.Debug|Any CPU.Build.0 = Debug|Any CPU
		{0C112209-B199-4610-84AD-41AB5333550A}.Release|Any CPU.ActiveCfg = Release|Any CPU
		{0C112209-B199-4610-84AD-41AB5333550A}.Release|Any CPU.Build.0 = Release|Any CPU
		{13A4D884-9E4F-47AE-8D17-D6F887559C98}.Debug|Any CPU.ActiveCfg = Debug|Any CPU
		{13A4D884-9E4F-47AE-8D17-D6F887559C98}.Debug|Any CPU.Build.0 = Debug|Any CPU
		{13A4D884-9E4F-47AE-8D17-D6F887559C98}.Release|Any CPU.ActiveCfg = Release|Any CPU
		{13A4D884-9E4F-47AE-8D17-D6F887559C98}.Release|Any CPU.Build.0 = Release|Any CPU
		{CFD1E66B-D9AC-4763-9F21-2942FB95515C}.Debug|Any CPU.ActiveCfg = Debug|Any CPU
		{CFD1E66B-D9AC-4763-9F21-2942FB95515C}.Debug|Any CPU.Build.0 = Debug|Any CPU
		{CFD1E66B-D9AC-4763-9F21-2942FB95515C}.Release|Any CPU.ActiveCfg = Release|Any CPU
		{CFD1E66B-D9AC-4763-9F21-2942FB95515C}.Release|Any CPU.Build.0 = Release|Any CPU
		{93D7B48F-7292-4F72-87B3-3AAC0A007233}.Debug|Any CPU.ActiveCfg = Debug|Any CPU
		{93D7B48F-7292-4F72-87B3-3AAC0A007233}.Debug|Any CPU.Build.0 = Debug|Any CPU
		{93D7B48F-7292-4F72-87B3-3AAC0A007233}.Release|Any CPU.ActiveCfg = Release|Any CPU
		{93D7B48F-7292-4F72-87B3-3AAC0A007233}.Release|Any CPU.Build.0 = Release|Any CPU
		{7EA1A678-F73B-4811-B9E1-F91C80D2CAD3}.Debug|Any CPU.ActiveCfg = Debug|Any CPU
		{7EA1A678-F73B-4811-B9E1-F91C80D2CAD3}.Debug|Any CPU.Build.0 = Debug|Any CPU
		{7EA1A678-F73B-4811-B9E1-F91C80D2CAD3}.Release|Any CPU.ActiveCfg = Release|Any CPU
		{7EA1A678-F73B-4811-B9E1-F91C80D2CAD3}.Release|Any CPU.Build.0 = Release|Any CPU
		{FE6FF124-9EEA-44F6-9E77-D4106E8008E9}.Debug|Any CPU.ActiveCfg = Debug|Any CPU
		{FE6FF124-9EEA-44F6-9E77-D4106E8008E9}.Debug|Any CPU.Build.0 = Debug|Any CPU
		{FE6FF124-9EEA-44F6-9E77-D4106E8008E9}.Release|Any CPU.ActiveCfg = Release|Any CPU
		{FE6FF124-9EEA-44F6-9E77-D4106E8008E9}.Release|Any CPU.Build.0 = Release|Any CPU
	EndGlobalSection
	GlobalSection(SolutionProperties) = preSolution
		HideSolutionNode = FALSE
	EndGlobalSection
	GlobalSection(NestedProjects) = preSolution
		{A1AE2E58-9C94-40C2-B02D-DA4318833995} = {02EA681E-C7D8-13C7-8484-4AC65E1B71E8}
		{1982405C-B655-4C60-B87B-061919E909BE} = {02EA681E-C7D8-13C7-8484-4AC65E1B71E8}
		{EDCF3E0A-C17F-4F4B-9B17-812B636D5902} = {02EA681E-C7D8-13C7-8484-4AC65E1B71E8}
		{DC418272-3FD3-425A-B7D2-449A4D3C10E5} = {9964330F-8E44-48F3-BF14-3BF720E50315}
		{F6FD2532-4914-4EDC-AB61-8DE8AAD18223} = {9964330F-8E44-48F3-BF14-3BF720E50315}
		{959DB23E-B741-45BE-A621-E18526C05E49} = {9964330F-8E44-48F3-BF14-3BF720E50315}
		{8EFF7035-0B0B-424E-A44C-416671ED1646} = {716892D2-98FE-457B-99BA-A7570DE2446B}
		{754211AB-A218-42EB-A6F7-8CDE9DFCA184} = {716892D2-98FE-457B-99BA-A7570DE2446B}
		{EBA79604-86AA-4F10-ADBF-AE02380687EB} = {716892D2-98FE-457B-99BA-A7570DE2446B}
		{0C112209-B199-4610-84AD-41AB5333550A} = {A0DBE331-1DD2-48F7-8961-6833E54A41E4}
		{13A4D884-9E4F-47AE-8D17-D6F887559C98} = {A0DBE331-1DD2-48F7-8961-6833E54A41E4}
		{CFD1E66B-D9AC-4763-9F21-2942FB95515C} = {A0DBE331-1DD2-48F7-8961-6833E54A41E4}
		{93D7B48F-7292-4F72-87B3-3AAC0A007233} = {7EE101EB-3ED2-4416-8C60-0DD96E48CA81}
		{7EA1A678-F73B-4811-B9E1-F91C80D2CAD3} = {7EE101EB-3ED2-4416-8C60-0DD96E48CA81}
		{FE6FF124-9EEA-44F6-9E77-D4106E8008E9} = {7EE101EB-3ED2-4416-8C60-0DD96E48CA81}
	EndGlobalSection
	GlobalSection(ExtensibilityGlobals) = postSolution
		SolutionGuid = {51012752-EB82-44B4-A9FF-6BC2EDF928B2}
	EndGlobalSection
EndGlobal
